
Microsoft Visual Studio Solution File, Format Version 12.00
# Visual Studio Version 18
VisualStudioVersion = 18.5.11709.299
MinimumVisualStudioVersion = 10.0.40219.1
Project("{2150E333-8FDC-42A3-9474-1A3956D46DE8}") = "src", "src", "{827E0CD3-B72D-47B6-A68D-7590B98EB39B}"
EndProject
Project("{FAE04EC0-301F-11D3-BF4B-00C04F79EFBC}") = "MentoringApp.Data", "src\MentoringApp.Data\MentoringApp.Data.csproj", "{63558A25-C351-425B-B2EE-05F6183E8D7C}"
EndProject
Project("{FAE04EC0-301F-11D3-BF4B-00C04F79EFBC}") = "MentoringApp.Model", "src\MentoringApp.Model\MentoringApp.Model.csproj", "{AAC759E5-8A98-404A-A39A-BC4568506AAD}"
EndProject
Project("{FAE04EC0-301F-11D3-BF4B-00C04F79EFBC}") = "MentoringApp.Service", "src\MentoringApp.Service\MentoringApp.Service.csproj", "{450AD135-6FF7-48C7-A758-0B9E2BE42118}"
EndProject
Project("{FAE04EC0-301F-11D3-BF4B-00C04F79EFBC}") = "MentoringApp.ViewModel", "src\MentoringApp.ViewModel\MentoringApp.ViewModel.csproj", "{75D0D459-E706-4F6F-9808-0DE7D0F77112}"
EndProject
Project("{FAE04EC0-301F-11D3-BF4B-00C04F79EFBC}") = "MentoringApp", "src\MentoringApp.Desktop\MentoringApp.csproj", "{8CD4A9DB-E648-41B9-9091-D09BB40E46ED}"
EndProject
Project("{FAE04EC0-301F-11D3-BF4B-00C04F79EFBC}") = "MentoringApp.Api", "src\MentoringApp.Api\MentoringApp.Api.csproj", "{237B53C7-80B1-4F4A-82C9-DEA5320D8258}"
EndProject
Project("{FAE04EC0-301F-11D3-BF4B-00C04F79EFBC}") = "MentoringApp.ApiClient", "src\MentoringApp.ApiClient\MentoringApp.ApiClient.csproj", "{CEA6333B-B33D-4F7B-9DA1-98B0431C8EA1}"
EndProject
Project("{FAE04EC0-301F-11D3-BF4B-00C04F79EFBC}") = "MentoringApp.Tests", "Tests\MentoringApp.Tests\MentoringApp.Tests.csproj", "{F032F9CF-E49E-456B-A359-EE274BB7154D}"
EndProject
Project("{FAE04EC0-301F-11D3-BF4B-00C04F79EFBC}") = "MentoringApp.ViewModel.Tests", "Tests\MentoringApp.ViewModel.Tests\MentoringApp.ViewModel.Tests.csproj", "{526ADBE6-258A-42CA-B9B3-37A285A6A702}"
EndProject
Project("{FAE04EC0-301F-11D3-BF4B-00C04F79EFBC}") = "MentoringApp.E2eTests", "Tests\MentoringApp.E2eTests\MentoringApp.E2eTests.csproj", "{071CDF2F-B481-4B54-B1CF-2F58E113464D}"
EndProject
Project("{2150E333-8FDC-42A3-9474-1A3956D46DE8}") = "tests", "tests", "{0AB3BF05-4346-4AA6-1389-037BE0695223}"
EndProject
Project("{2150E333-8FDC-42A3-9474-1A3956D46DE8}") = "wpf", "wpf", "{FCB88935-14F0-4569-A7C3-88188D7F82D2}"
EndProject
Project("{2150E333-8FDC-42A3-9474-1A3956D46DE8}") = "web", "web", "{413EA313-2C7D-416C-ABED-96D60419A49E}"
EndProject
Project("{FAE04EC0-301F-11D3-BF4B-00C04F79EFBC}") = "MentoringApp.Web", "src\MentoringApp.Web\MentoringApp.Web.csproj", "{AFABB0C4-EA83-F2D5-3D98-56FD9B5668C6}"
EndProject
Global
	GlobalSection(SolutionConfigurationPlatforms) = preSolution
		Debug|Any CPU = Debug|Any CPU
		Debug|x64 = Debug|x64
		Debug|x86 = Debug|x86
		Release|Any CPU = Release|Any CPU
		Release|x64 = Release|x64
		Release|x86 = Release|x86
	EndGlobalSection
	GlobalSection(ProjectConfigurationPlatforms) = postSolution
		{63558A25-C351-425B-B2EE-05F6183E8D7C}.Debug|Any CPU.ActiveCfg = Debug|Any CPU
		{63558A25-C351-425B-B2EE-05F6183E8D7C}.Debug|Any CPU.Build.0 = Debug|Any CPU
		{63558A25-C351-425B-B2EE-05F6183E8D7C}.Debug|x64.ActiveCfg = Debug|Any CPU
		{63558A25-C351-425B-B2EE-05F6183E8D7C}.Debug|x64.Build.0 = Debug|Any CPU
		{63558A25-C351-425B-B2EE-05F6183E8D7C}.Debug|x86.ActiveCfg = Debug|Any CPU
		{63558A25-C351-425B-B2EE-05F6183E8D7C}.Debug|x86.Build.0 = Debug|Any CPU
		{63558A25-C351-425B-B2EE-05F6183E8D7C}.Release|Any CPU.ActiveCfg = Release|Any CPU
		{63558A25-C351-425B-B2EE-05F6183E8D7C}.Release|Any CPU.Build.0 = Release|Any CPU
		{63558A25-C351-425B-B2EE-05F6183E8D7C}.Release|x64.ActiveCfg = Release|Any CPU
		{63558A25-C351-425B-B2EE-05F6183E8D7C}.Release|x64.Build.0 = Release|Any CPU
		{63558A25-C351-425B-B2EE-05F6183E8D7C}.Release|x86.ActiveCfg = Release|Any CPU
		{63558A25-C351-425B-B2EE-05F6183E8D7C}.Release|x86.Build.0 = Release|Any CPU
		{AAC759E5-8A98-404A-A39A-BC4568506AAD}.Debug|Any CPU.ActiveCfg = Debug|Any CPU
		{AAC759E5-8A98-404A-A39A-BC4568506AAD}.Debug|Any CPU.Build.0 = Debug|Any CPU
		{AAC759E5-8A98-404A-A39A-BC4568506AAD}.Debug|x64.ActiveCfg = Debug|Any CPU
		{AAC759E5-8A98-404A-A39A-BC4568506AAD}.Debug|x64.Build.0 = Debug|Any CPU
		{AAC759E5-8A98-404A-A39A-BC4568506AAD}.Debug|x86.ActiveCfg = Debug|Any CPU
		{AAC759E5-8A98-404A-A39A-BC4568506AAD}.Debug|x86.Build.0 = Debug|Any CPU
		{AAC759E5-8A98-404A-A39A-BC4568506AAD}.Release|Any CPU.ActiveCfg = Release|Any CPU
		{AAC759E5-8A98-404A-A39A-BC4568506AAD}.Release|Any CPU.Build.0 = Release|Any CPU
		{AAC759E5-8A98-404A-A39A-BC4568506AAD}.Release|x64.ActiveCfg = Release|Any CPU
		{AAC759E5-8A98-404A-A39A-BC4568506AAD}.Release|x64.Build.0 = Release|Any CPU
		{AAC759E5-8A98-404A-A39A-BC4568506AAD}.Release|x86.ActiveCfg = Release|Any CPU
		{AAC759E5-8A98-404A-A39A-BC4568506AAD}.Release|x86.Build.0 = Release|Any CPU
		{450AD135-6FF7-48C7-A758-0B9E2BE42118}.Debug|Any CPU.ActiveCfg = Debug|Any CPU
		{450AD135-6FF7-48C7-A758-0B9E2BE42118}.Debug|Any CPU.Build.0 = Debug|Any CPU
		{450AD135-6FF7-48C7-A758-0B9E2BE42118}.Debug|x64.ActiveCfg = Debug|Any CPU
		{450AD135-6FF7-48C7-A758-0B9E2BE42118}.Debug|x64.Build.0 = Debug|Any CPU
		{450AD135-6FF7-48C7-A758-0B9E2BE42118}.Debug|x86.ActiveCfg = Debug|Any CPU
		{450AD135-6FF7-48C7-A758-0B9E2BE42118}.Debug|x86.Build.0 = Debug|Any CPU
		{450AD135-6FF7-48C7-A758-0B9E2BE42118}.Release|Any CPU.ActiveCfg = Release|Any CPU
		{450AD135-6FF7-48C7-A758-0B9E2BE42118}.Release|Any CPU.Build.0 = Release|Any CPU
		{450AD135-6FF7-48C7-A758-0B9E2BE42118}.Release|x64.ActiveCfg = Release|Any CPU
		{450AD135-6FF7-48C7-A758-0B9E2BE42118}.Release|x64.Build.0 = Release|Any CPU
		{450AD135-6FF7-48C7-A758-0B9E2BE42118}.Release|x86.ActiveCfg = Release|Any CPU
		{450AD135-6FF7-48C7-A758-0B9E2BE42118}.Release|x86.Build.0 = Release|Any CPU
		{75D0D459-E706-4F6F-9808-0DE7D0F77112}.Debug|Any CPU.ActiveCfg = Debug|Any CPU
		{75D0D459-E706-4F6F-9808-0DE7D0F77112}.Debug|Any CPU.Build.0 = Debug|Any CPU
		{75D0D459-E706-4F6F-9808-0DE7D0F77112}.Debug|x64.ActiveCfg = Debug|Any CPU
		{75D0D459-E706-4F6F-9808-0DE7D0F77112}.Debug|x64.Build.0 = Debug|Any CPU
		{75D0D459-E706-4F6F-9808-0DE7D0F77112}.Debug|x86.ActiveCfg = Debug|Any CPU
		{75D0D459-E706-4F6F-9808-0DE7D0F77112}.Debug|x86.Build.0 = Debug|Any CPU
		{75D0D459-E706-4F6F-9808-0DE7D0F77112}.Release|Any CPU.ActiveCfg = Release|Any CPU
		{75D0D459-E706-4F6F-9808-0DE7D0F77112}.Release|Any CPU.Build.0 = Release|Any CPU
		{75D0D459-E706-4F6F-9808-0DE7D0F77112}.Release|x64.ActiveCfg = Release|Any CPU
		{75D0D459-E706-4F6F-9808-0DE7D0F77112}.Release|x64.Build.0 = Release|Any CPU
		{75D0D459-E706-4F6F-9808-0DE7D0F77112}.Release|x86.ActiveCfg = Release|Any CPU
		{75D0D459-E706-4F6F-9808-0DE7D0F77112}.Release|x86.Build.0 = Release|Any CPU
		{8CD4A9DB-E648-41B9-9091-D09BB40E46ED}.Debug|Any CPU.ActiveCfg = Debug|Any CPU
		{8CD4A9DB-E648-41B9-9091-D09BB40E46ED}.Debug|Any CPU.Build.0 = Debug|Any CPU
		{8CD4A9DB-E648-41B9-9091-D09BB40E46ED}.Debug|x64.ActiveCfg = Debug|Any CPU
		{8CD4A9DB-E648-41B9-9091-D09BB40E46ED}.Debug|x64.Build.0 = Debug|Any CPU
		{8CD4A9DB-E648-41B9-9091-D09BB40E46ED}.Debug|x86.ActiveCfg = Debug|Any CPU
		{8CD4A9DB-E648-41B9-9091-D09BB40E46ED}.Debug|x86.Build.0 = Debug|Any CPU
		{8CD4A9DB-E648-41B9-9091-D09BB40E46ED}.Release|Any CPU.ActiveCfg = Release|Any CPU
		{8CD4A9DB-E648-41B9-9091-D09BB40E46ED}.Release|Any CPU.Build.0 = Release|Any CPU
		{8CD4A9DB-E648-41B9-9091-D09BB40E46ED}.Release|x64.ActiveCfg = Release|Any CPU
		{8CD4A9DB-E648-41B9-9091-D09BB40E46ED}.Release|x64.Build.0 = Release|Any CPU
		{8CD4A9DB-E648-41B9-9091-D09BB40E46ED}.Release|x86.ActiveCfg = Release|Any CPU
		{8CD4A9DB-E648-41B9-9091-D09BB40E46ED}.Release|x86.Build.0 = Release|Any CPU
		{237B53C7-80B1-4F4A-82C9-DEA5320D8258}.Debug|Any CPU.ActiveCfg = Debug|Any CPU
		{237B53C7-80B1-4F4A-82C9-DEA5320D8258}.Debug|Any CPU.Build.0 = Debug|Any CPU
		{237B53C7-80B1-4F4A-82C9-DEA5320D8258}.Debug|x64.ActiveCfg = Debug|Any CPU
		{237B53C7-80B1-4F4A-82C9-DEA5320D8258}.Debug|x64.Build.0 = Debug|Any CPU
		{237B53C7-80B1-4F4A-82C9-DEA5320D8258}.Debug|x86.ActiveCfg = Debug|Any CPU
		{237B53C7-80B1-4F4A-82C9-DEA5320D8258}.Debug|x86.Build.0 = Debug|Any CPU
		{237B53C7-80B1-4F4A-82C9-DEA5320D8258}.Release|Any CPU.ActiveCfg = Release|Any CPU
		{237B53C7-80B1-4F4A-82C9-DEA5320D8258}.Release|Any CPU.Build.0 = Release|Any CPU
		{237B53C7-80B1-4F4A-82C9-DEA5320D8258}.Release|x64.ActiveCfg = Release|Any CPU
		{237B53C7-80B1-4F4A-82C9-DEA5320D8258}.Release|x64.Build.0 = Release|Any CPU
		{237B53C7-80B1-4F4A-82C9-DEA5320D8258}.Release|x86.ActiveCfg = Release|Any CPU
		{237B53C7-80B1-4F4A-82C9-DEA5320D8258}.Release|x86.Build.0 = Release|Any CPU
		{CEA6333B-B33D-4F7B-9DA1-98B0431C8EA1}.Debug|Any CPU.ActiveCfg = Debug|Any CPU
		{CEA6333B-B33D-4F7B-9DA1-98B0431C8EA1}.Debug|Any CPU.Build.0 = Debug|Any CPU
		{CEA6333B-B33D-4F7B-9DA1-98B0431C8EA1}.Debug|x64.ActiveCfg = Debug|Any CPU
		{CEA6333B-B33D-4F7B-9DA1-98B0431C8EA1}.Debug|x64.Build.0 = Debug|Any CPU
		{CEA6333B-B33D-4F7B-9DA1-98B0431C8EA1}.Debug|x86.ActiveCfg = Debug|Any CPU
		{CEA6333B-B33D-4F7B-9DA1-98B0431C8EA1}.Debug|x86.Build.0 = Debug|Any CPU
		{CEA6333B-B33D-4F7B-9DA1-98B0431C8EA1}.Release|Any CPU.ActiveCfg = Release|Any CPU
		{CEA6333B-B33D-4F7B-9DA1-98B0431C8EA1}.Release|Any CPU.Build.0 = Release|Any CPU
		{CEA6333B-B33D-4F7B-9DA1-98B0431C8EA1}.Release|x64.ActiveCfg = Release|Any CPU
		{CEA6333B-B33D-4F7B-9DA1-98B0431C8EA1}.Release|x64.Build.0 = Release|Any CPU
		{CEA6333B-B33D-4F7B-9DA1-98B0431C8EA1}.Release|x86.ActiveCfg = Release|Any CPU
		{CEA6333B-B33D-4F7B-9DA1-98B0431C8EA1}.Release|x86.Build.0 = Release|Any CPU
		{F032F9CF-E49E-456B-A359-EE274BB7154D}.Debug|Any CPU.ActiveCfg = Debug|Any CPU
		{F032F9CF-E49E-456B-A359-EE274BB7154D}.Debug|Any CPU.Build.0 = Debug|Any CPU
		{F032F9CF-E49E-456B-A359-EE274BB7154D}.Debug|x64.ActiveCfg = Debug|Any CPU
		{F032F9CF-E49E-456B-A359-EE274BB7154D}.Debug|x64.Build.0 = Debug|Any CPU
		{F032F9CF-E49E-456B-A359-EE274BB7154D}.Debug|x86.ActiveCfg = Debug|Any CPU
		{F032F9CF-E49E-456B-A359-EE274BB7154D}.Debug|x86.Build.0 = Debug|Any CPU
		{F032F9CF-E49E-456B-A359-EE274BB7154D}.Release|Any CPU.ActiveCfg = Release|Any CPU
		{F032F9CF-E49E-456B-A359-EE274BB7154D}.Release|Any CPU.Build.0 = Release|Any CPU
		{F032F9CF-E49E-456B-A359-EE274BB7154D}.Release|x64.ActiveCfg = Release|Any CPU
		{F032F9CF-E49E-456B-A359-EE274BB7154D}.Release|x64.Build.0 = Release|Any CPU
		{F032F9CF-E49E-456B-A359-EE274BB7154D}.Release|x86.ActiveCfg = Release|Any CPU
		{F032F9CF-E49E-456B-A359-EE274BB7154D}.Release|x86.Build.0 = Release|Any CPU
		{526ADBE6-258A-42CA-B9B3-37A285A6A702}.Debug|Any CPU.ActiveCfg = Debug|Any CPU
		{526ADBE6-258A-42CA-B9B3-37A285A6A702}.Debug|Any CPU.Build.0 = Debug|Any CPU
		{526ADBE6-258A-42CA-B9B3-37A285A6A702}.Debug|x64.ActiveCfg = Debug|Any CPU
		{526ADBE6-258A-42CA-B9B3-37A285A6A702}.Debug|x64.Build.0 = Debug|Any CPU
		{526ADBE6-258A-42CA-B9B3-37A285A6A702}.Debug|x86.ActiveCfg = Debug|Any CPU
		{526ADBE6-258A-42CA-B9B3-37A285A6A702}.Debug|x86.Build.0 = Debug|Any CPU
		{526ADBE6-258A-42CA-B9B3-37A285A6A702}.Release|Any CPU.ActiveCfg = Release|Any CPU
		{526ADBE6-258A-42CA-B9B3-37A285A6A702}.Release|Any CPU.Build.0 = Release|Any CPU
		{526ADBE6-258A-42CA-B9B3-37A285A6A702}.Release|x64.ActiveCfg = Release|Any CPU
		{526ADBE6-258A-42CA-B9B3-37A285A6A702}.Release|x64.Build.0 = Release|Any CPU
		{526ADBE6-258A-42CA-B9B3-37A285A6A702}.Release|x86.ActiveCfg = Release|Any CPU
		{526ADBE6-258A-42CA-B9B3-37A285A6A702}.Release|x86.Build.0 = Release|Any CPU
		{071CDF2F-B481-4B54-B1CF-2F58E113464D}.Debug|Any CPU.ActiveCfg = Debug|Any CPU
		{071CDF2F-B481-4B54-B1CF-2F58E113464D}.Debug|Any CPU.Build.0 = Debug|Any CPU
		{071CDF2F-B481-4B54-B1CF-2F58E113464D}.Debug|x64.ActiveCfg = Debug|Any CPU
		{071CDF2F-B481-4B54-B1CF-2F58E113464D}.Debug|x64.Build.0 = Debug|Any CPU
		{071CDF2F-B481-4B54-B1CF-2F58E113464D}.Debug|x86.ActiveCfg = Debug|Any CPU
		{071CDF2F-B481-4B54-B1CF-2F58E113464D}.Debug|x86.Build.0 = Debug|Any CPU
		{071CDF2F-B481-4B54-B1CF-2F58E113464D}.Release|Any CPU.ActiveCfg = Release|Any CPU
		{071CDF2F-B481-4B54-B1CF-2F58E113464D}.Release|Any CPU.Build.0 = Release|Any CPU
		{071CDF2F-B481-4B54-B1CF-2F58E113464D}.Release|x64.ActiveCfg = Release|Any CPU
		{071CDF2F-B481-4B54-B1CF-2F58E113464D}.Release|x64.Build.0 = Release|Any CPU
		{071CDF2F-B481-4B54-B1CF-2F58E113464D}.Release|x86.ActiveCfg = Release|Any CPU
		{071CDF2F-B481-4B54-B1CF-2F58E113464D}.Release|x86.Build.0 = Release|Any CPU
		{AFABB0C4-EA83-F2D5-3D98-56FD9B5668C6}.Debug|Any CPU.ActiveCfg = Debug|Any CPU
		{AFABB0C4-EA83-F2D5-3D98-56FD9B5668C6}.Debug|Any CPU.Build.0 = Debug|Any CPU
		{AFABB0C4-EA83-F2D5-3D98-56FD9B5668C6}.Debug|x64.ActiveCfg = Debug|Any CPU
		{AFABB0C4-EA83-F2D5-3D98-56FD9B5668C6}.Debug|x64.Build.0 = Debug|Any CPU
		{AFABB0C4-EA83-F2D5-3D98-56FD9B5668C6}.Debug|x86.ActiveCfg = Debug|Any CPU
		{AFABB0C4-EA83-F2D5-3D98-56FD9B5668C6}.Debug|x86.Build.0 = Debug|Any CPU
		{AFABB0C4-EA83-F2D5-3D98-56FD9B5668C6}.Release|Any CPU.ActiveCfg = Release|Any CPU
		{AFABB0C4-EA83-F2D5-3D98-56FD9B5668C6}.Release|Any CPU.Build.0 = Release|Any CPU
		{AFABB0C4-EA83-F2D5-3D98-56FD9B5668C6}.Release|x64.ActiveCfg = Release|Any CPU
		{AFABB0C4-EA83-F2D5-3D98-56FD9B5668C6}.Release|x64.Build.0 = Release|Any CPU
		{AFABB0C4-EA83-F2D5-3D98-56FD9B5668C6}.Release|x86.ActiveCfg = Release|Any CPU
		{AFABB0C4-EA83-F2D5-3D98-56FD9B5668C6}.Release|x86.Build.0 = Release|Any CPU
	EndGlobalSection
	GlobalSection(SolutionProperties) = preSolution
		HideSolutionNode = FALSE
	EndGlobalSection
	GlobalSection(NestedProjects) = preSolution
		{63558A25-C351-425B-B2EE-05F6183E8D7C} = {827E0CD3-B72D-47B6-A68D-7590B98EB39B}
		{AAC759E5-8A98-404A-A39A-BC4568506AAD} = {827E0CD3-B72D-47B6-A68D-7590B98EB39B}
		{450AD135-6FF7-48C7-A758-0B9E2BE42118} = {827E0CD3-B72D-47B6-A68D-7590B98EB39B}
		{75D0D459-E706-4F6F-9808-0DE7D0F77112} = {FCB88935-14F0-4569-A7C3-88188D7F82D2}
		{8CD4A9DB-E648-41B9-9091-D09BB40E46ED} = {FCB88935-14F0-4569-A7C3-88188D7F82D2}
		{237B53C7-80B1-4F4A-82C9-DEA5320D8258} = {827E0CD3-B72D-47B6-A68D-7590B98EB39B}
		{CEA6333B-B33D-4F7B-9DA1-98B0431C8EA1} = {827E0CD3-B72D-47B6-A68D-7590B98EB39B}
		{F032F9CF-E49E-456B-A359-EE274BB7154D} = {0AB3BF05-4346-4AA6-1389-037BE0695223}
		{526ADBE6-258A-42CA-B9B3-37A285A6A702} = {0AB3BF05-4346-4AA6-1389-037BE0695223}
		{071CDF2F-B481-4B54-B1CF-2F58E113464D} = {0AB3BF05-4346-4AA6-1389-037BE0695223}
		{FCB88935-14F0-4569-A7C3-88188D7F82D2} = {827E0CD3-B72D-47B6-A68D-7590B98EB39B}
		{413EA313-2C7D-416C-ABED-96D60419A49E} = {827E0CD3-B72D-47B6-A68D-7590B98EB39B}
		{AFABB0C4-EA83-F2D5-3D98-56FD9B5668C6} = {413EA313-2C7D-416C-ABED-96D60419A49E}
	EndGlobalSection
	GlobalSection(ExtensibilityGlobals) = postSolution
		SolutionGuid = {12D9D71C-6113-4827-A18D-0D7A0DC61CEF}
	EndGlobalSection
EndGlobal
