
Microsoft Visual Studio Solution File, Format Version 12.00
# Visual Studio Version 17
VisualStudioVersion = 17.13.35828.75
MinimumVisualStudioVersion = 10.0.40219.1
Project("{FAE04EC0-301F-11D3-BF4B-00C04F79EFBC}") = "MentoringApp.Service", "Service\MentoringApp.Service.csproj", "{0951EF48-35C1-480B-8DA2-2AA73D68F7A8}"
EndProject
Project("{FAE04EC0-301F-11D3-BF4B-00C04F79EFBC}") = "MentoringApp.ViewModel", "ViewModel\MentoringApp.ViewModel.csproj", "{FD3F7516-A8CA-4119-B032-10235DA7CD7E}"
EndProject
Project("{FAE04EC0-301F-11D3-BF4B-00C04F79EFBC}") = "MentoringApp.Model", "Model\MentoringApp.Model.csproj", "{62BFDCF1-FCD3-4C29-B13D-07DBCFF66C83}"
EndProject
Project("{FAE04EC0-301F-11D3-BF4B-00C04F79EFBC}") = "MentoringApp.Data", "Data\MentoringApp.Data.csproj", "{010EA24D-E477-40C2-942A-952415ECA3A7}"
EndProject
Project("{FAE04EC0-301F-11D3-BF4B-00C04F79EFBC}") = "MentoringApp", "MentoringApp\MentoringApp.csproj", "{0F7082A6-9D86-479A-85CE-ABBED8E736AE}"
EndProject
Project("{2150E333-8FDC-42A3-9474-1A3956D46DE8}") = "Tests", "Tests", "{0AB3BF05-4346-4AA6-1389-037BE0695223}"
EndProject
Project("{FAE04EC0-301F-11D3-BF4B-00C04F79EFBC}") = "MentoringApp.Tests", "Tests\MentoringApp.Tests.csproj", "{7B5D5B1D-1CE7-4C64-9680-E0BC7C6CD6B3}"
EndProject
Project("{FAE04EC0-301F-11D3-BF4B-00C04F79EFBC}") = "MentoringApp.Api", "MentoringApp.Api\MentoringApp.Api.csproj", "{68A83A0C-725E-4E14-AB32-141CE02745C2}"
EndProject
Project("{FAE04EC0-301F-11D3-BF4B-00C04F79EFBC}") = "MentoringApp.Web", "MentoringApp.Web\MentoringApp.Web.csproj", "{5CC0B5BF-10B5-42C7-BE0B-B8E41128A4AC}"
EndProject
Project("{FAE04EC0-301F-11D3-BF4B-00C04F79EFBC}") = "MentoringApp.Components", "MentoringApp.Components\MentoringApp.Components.csproj", "{0177B1F3-85F6-445D-BAE3-39CB9C52BAB0}"
EndProject
Project("{FAE04EC0-301F-11D3-BF4B-00C04F79EFBC}") = "MentoringApp.ApiClient", "MentoringApp.ApiClient\MentoringApp.ApiClient.csproj", "{FE69363D-A836-42EA-9265-5615570E3B74}"
EndProject
Project("{FAE04EC0-301F-11D3-BF4B-00C04F79EFBC}") = "MentoringApp.E2eTests", "MentoringApp.E2eTests\MentoringApp.E2eTests.csproj", "{1B680E09-3034-444B-9275-B855B4C5CCB2}"
EndProject
Global
	GlobalSection(SolutionConfigurationPlatforms) = preSolution
		Debug|Any CPU = Debug|Any CPU
		Debug|x64 = Debug|x64
		Debug|x86 = Debug|x86
		Release|Any CPU = Release|Any CPU
		Release|x64 = Release|x64
		Release|x86 = Release|x86
	EndGlobalSection
	GlobalSection(ProjectConfigurationPlatforms) = postSolution
		{0951EF48-35C1-480B-8DA2-2AA73D68F7A8}.Debug|Any CPU.ActiveCfg = Debug|Any CPU
		{0951EF48-35C1-480B-8DA2-2AA73D68F7A8}.Debug|Any CPU.Build.0 = Debug|Any CPU
		{0951EF48-35C1-480B-8DA2-2AA73D68F7A8}.Debug|x64.ActiveCfg = Debug|Any CPU
		{0951EF48-35C1-480B-8DA2-2AA73D68F7A8}.Debug|x64.Build.0 = Debug|Any CPU
		{0951EF48-35C1-480B-8DA2-2AA73D68F7A8}.Debug|x86.ActiveCfg = Debug|Any CPU
		{0951EF48-35C1-480B-8DA2-2AA73D68F7A8}.Debug|x86.Build.0 = Debug|Any CPU
		{0951EF48-35C1-480B-8DA2-2AA73D68F7A8}.Release|Any CPU.ActiveCfg = Release|Any CPU
		{0951EF48-35C1-480B-8DA2-2AA73D68F7A8}.Release|Any CPU.Build.0 = Release|Any CPU
		{0951EF48-35C1-480B-8DA2-2AA73D68F7A8}.Release|x64.ActiveCfg = Release|Any CPU
		{0951EF48-35C1-480B-8DA2-2AA73D68F7A8}.Release|x64.Build.0 = Release|Any CPU
		{0951EF48-35C1-480B-8DA2-2AA73D68F7A8}.Release|x86.ActiveCfg = Release|Any CPU
		{0951EF48-35C1-480B-8DA2-2AA73D68F7A8}.Release|x86.Build.0 = Release|Any CPU
		{FD3F7516-A8CA-4119-B032-10235DA7CD7E}.Debug|Any CPU.ActiveCfg = Debug|Any CPU
		{FD3F7516-A8CA-4119-B032-10235DA7CD7E}.Debug|Any CPU.Build.0 = Debug|Any CPU
		{FD3F7516-A8CA-4119-B032-10235DA7CD7E}.Debug|x64.ActiveCfg = Debug|Any CPU
		{FD3F7516-A8CA-4119-B032-10235DA7CD7E}.Debug|x64.Build.0 = Debug|Any CPU
		{FD3F7516-A8CA-4119-B032-10235DA7CD7E}.Debug|x86.ActiveCfg = Debug|Any CPU
		{FD3F7516-A8CA-4119-B032-10235DA7CD7E}.Debug|x86.Build.0 = Debug|Any CPU
		{FD3F7516-A8CA-4119-B032-10235DA7CD7E}.Release|Any CPU.ActiveCfg = Release|Any CPU
		{FD3F7516-A8CA-4119-B032-10235DA7CD7E}.Release|Any CPU.Build.0 = Release|Any CPU
		{FD3F7516-A8CA-4119-B032-10235DA7CD7E}.Release|x64.ActiveCfg = Release|Any CPU
		{FD3F7516-A8CA-4119-B032-10235DA7CD7E}.Release|x64.Build.0 = Release|Any CPU
		{FD3F7516-A8CA-4119-B032-10235DA7CD7E}.Release|x86.ActiveCfg = Release|Any CPU
		{FD3F7516-A8CA-4119-B032-10235DA7CD7E}.Release|x86.Build.0 = Release|Any CPU
		{62BFDCF1-FCD3-4C29-B13D-07DBCFF66C83}.Debug|Any CPU.ActiveCfg = Debug|Any CPU
		{62BFDCF1-FCD3-4C29-B13D-07DBCFF66C83}.Debug|Any CPU.Build.0 = Debug|Any CPU
		{62BFDCF1-FCD3-4C29-B13D-07DBCFF66C83}.Debug|x64.ActiveCfg = Debug|Any CPU
		{62BFDCF1-FCD3-4C29-B13D-07DBCFF66C83}.Debug|x64.Build.0 = Debug|Any CPU
		{62BFDCF1-FCD3-4C29-B13D-07DBCFF66C83}.Debug|x86.ActiveCfg = Debug|Any CPU
		{62BFDCF1-FCD3-4C29-B13D-07DBCFF66C83}.Debug|x86.Build.0 = Debug|Any CPU
		{62BFDCF1-FCD3-4C29-B13D-07DBCFF66C83}.Release|Any CPU.ActiveCfg = Release|Any CPU
		{62BFDCF1-FCD3-4C29-B13D-07DBCFF66C83}.Release|Any CPU.Build.0 = Release|Any CPU
		{62BFDCF1-FCD3-4C29-B13D-07DBCFF66C83}.Release|x64.ActiveCfg = Release|Any CPU
		{62BFDCF1-FCD3-4C29-B13D-07DBCFF66C83}.Release|x64.Build.0 = Release|Any CPU
		{62BFDCF1-FCD3-4C29-B13D-07DBCFF66C83}.Release|x86.ActiveCfg = Release|Any CPU
		{62BFDCF1-FCD3-4C29-B13D-07DBCFF66C83}.Release|x86.Build.0 = Release|Any CPU
		{010EA24D-E477-40C2-942A-952415ECA3A7}.Debug|Any CPU.ActiveCfg = Debug|Any CPU
		{010EA24D-E477-40C2-942A-952415ECA3A7}.Debug|Any CPU.Build.0 = Debug|Any CPU
		{010EA24D-E477-40C2-942A-952415ECA3A7}.Debug|x64.ActiveCfg = Debug|Any CPU
		{010EA24D-E477-40C2-942A-952415ECA3A7}.Debug|x64.Build.0 = Debug|Any CPU
		{010EA24D-E477-40C2-942A-952415ECA3A7}.Debug|x86.ActiveCfg = Debug|Any CPU
		{010EA24D-E477-40C2-942A-952415ECA3A7}.Debug|x86.Build.0 = Debug|Any CPU
		{010EA24D-E477-40C2-942A-952415ECA3A7}.Release|Any CPU.ActiveCfg = Release|Any CPU
		{010EA24D-E477-40C2-942A-952415ECA3A7}.Release|Any CPU.Build.0 = Release|Any CPU
		{010EA24D-E477-40C2-942A-952415ECA3A7}.Release|x64.ActiveCfg = Release|Any CPU
		{010EA24D-E477-40C2-942A-952415ECA3A7}.Release|x64.Build.0 = Release|Any CPU
		{010EA24D-E477-40C2-942A-952415ECA3A7}.Release|x86.ActiveCfg = Release|Any CPU
		{010EA24D-E477-40C2-942A-952415ECA3A7}.Release|x86.Build.0 = Release|Any CPU
		{0F7082A6-9D86-479A-85CE-ABBED8E736AE}.Debug|Any CPU.ActiveCfg = Debug|Any CPU
		{0F7082A6-9D86-479A-85CE-ABBED8E736AE}.Debug|Any CPU.Build.0 = Debug|Any CPU
		{0F7082A6-9D86-479A-85CE-ABBED8E736AE}.Debug|x64.ActiveCfg = Debug|Any CPU
		{0F7082A6-9D86-479A-85CE-ABBED8E736AE}.Debug|x64.Build.0 = Debug|Any CPU
		{0F7082A6-9D86-479A-85CE-ABBED8E736AE}.Debug|x86.ActiveCfg = Debug|Any CPU
		{0F7082A6-9D86-479A-85CE-ABBED8E736AE}.Debug|x86.Build.0 = Debug|Any CPU
		{0F7082A6-9D86-479A-85CE-ABBED8E736AE}.Release|Any CPU.ActiveCfg = Release|Any CPU
		{0F7082A6-9D86-479A-85CE-ABBED8E736AE}.Release|Any CPU.Build.0 = Release|Any CPU
		{0F7082A6-9D86-479A-85CE-ABBED8E736AE}.Release|x64.ActiveCfg = Release|Any CPU
		{0F7082A6-9D86-479A-85CE-ABBED8E736AE}.Release|x64.Build.0 = Release|Any CPU
		{0F7082A6-9D86-479A-85CE-ABBED8E736AE}.Release|x86.ActiveCfg = Release|Any CPU
		{0F7082A6-9D86-479A-85CE-ABBED8E736AE}.Release|x86.Build.0 = Release|Any CPU
		{7B5D5B1D-1CE7-4C64-9680-E0BC7C6CD6B3}.Debug|Any CPU.ActiveCfg = Debug|Any CPU
		{7B5D5B1D-1CE7-4C64-9680-E0BC7C6CD6B3}.Debug|Any CPU.Build.0 = Debug|Any CPU
		{7B5D5B1D-1CE7-4C64-9680-E0BC7C6CD6B3}.Debug|x64.ActiveCfg = Debug|Any CPU
		{7B5D5B1D-1CE7-4C64-9680-E0BC7C6CD6B3}.Debug|x64.Build.0 = Debug|Any CPU
		{7B5D5B1D-1CE7-4C64-9680-E0BC7C6CD6B3}.Debug|x86.ActiveCfg = Debug|Any CPU
		{7B5D5B1D-1CE7-4C64-9680-E0BC7C6CD6B3}.Debug|x86.Build.0 = Debug|Any CPU
		{7B5D5B1D-1CE7-4C64-9680-E0BC7C6CD6B3}.Release|Any CPU.ActiveCfg = Release|Any CPU
		{7B5D5B1D-1CE7-4C64-9680-E0BC7C6CD6B3}.Release|Any CPU.Build.0 = Release|Any CPU
		{7B5D5B1D-1CE7-4C64-9680-E0BC7C6CD6B3}.Release|x64.ActiveCfg = Release|Any CPU
		{7B5D5B1D-1CE7-4C64-9680-E0BC7C6CD6B3}.Release|x64.Build.0 = Release|Any CPU
		{7B5D5B1D-1CE7-4C64-9680-E0BC7C6CD6B3}.Release|x86.ActiveCfg = Release|Any CPU
		{7B5D5B1D-1CE7-4C64-9680-E0BC7C6CD6B3}.Release|x86.Build.0 = Release|Any CPU
		{68A83A0C-725E-4E14-AB32-141CE02745C2}.Debug|Any CPU.ActiveCfg = Debug|Any CPU
		{68A83A0C-725E-4E14-AB32-141CE02745C2}.Debug|Any CPU.Build.0 = Debug|Any CPU
		{68A83A0C-725E-4E14-AB32-141CE02745C2}.Debug|x64.ActiveCfg = Debug|Any CPU
		{68A83A0C-725E-4E14-AB32-141CE02745C2}.Debug|x64.Build.0 = Debug|Any CPU
		{68A83A0C-725E-4E14-AB32-141CE02745C2}.Debug|x86.ActiveCfg = Debug|Any CPU
		{68A83A0C-725E-4E14-AB32-141CE02745C2}.Debug|x86.Build.0 = Debug|Any CPU
		{68A83A0C-725E-4E14-AB32-141CE02745C2}.Release|Any CPU.ActiveCfg = Release|Any CPU
		{68A83A0C-725E-4E14-AB32-141CE02745C2}.Release|Any CPU.Build.0 = Release|Any CPU
		{68A83A0C-725E-4E14-AB32-141CE02745C2}.Release|x64.ActiveCfg = Release|Any CPU
		{68A83A0C-725E-4E14-AB32-141CE02745C2}.Release|x64.Build.0 = Release|Any CPU
		{68A83A0C-725E-4E14-AB32-141CE02745C2}.Release|x86.ActiveCfg = Release|Any CPU
		{68A83A0C-725E-4E14-AB32-141CE02745C2}.Release|x86.Build.0 = Release|Any CPU
		{5CC0B5BF-10B5-42C7-BE0B-B8E41128A4AC}.Debug|Any CPU.ActiveCfg = Debug|Any CPU
		{5CC0B5BF-10B5-42C7-BE0B-B8E41128A4AC}.Debug|Any CPU.Build.0 = Debug|Any CPU
		{5CC0B5BF-10B5-42C7-BE0B-B8E41128A4AC}.Debug|x64.ActiveCfg = Debug|Any CPU
		{5CC0B5BF-10B5-42C7-BE0B-B8E41128A4AC}.Debug|x64.Build.0 = Debug|Any CPU
		{5CC0B5BF-10B5-42C7-BE0B-B8E41128A4AC}.Debug|x86.ActiveCfg = Debug|Any CPU
		{5CC0B5BF-10B5-42C7-BE0B-B8E41128A4AC}.Debug|x86.Build.0 = Debug|Any CPU
		{5CC0B5BF-10B5-42C7-BE0B-B8E41128A4AC}.Release|Any CPU.ActiveCfg = Release|Any CPU
		{5CC0B5BF-10B5-42C7-BE0B-B8E41128A4AC}.Release|Any CPU.Build.0 = Release|Any CPU
		{5CC0B5BF-10B5-42C7-BE0B-B8E41128A4AC}.Release|x64.ActiveCfg = Release|Any CPU
		{5CC0B5BF-10B5-42C7-BE0B-B8E41128A4AC}.Release|x64.Build.0 = Release|Any CPU
		{5CC0B5BF-10B5-42C7-BE0B-B8E41128A4AC}.Release|x86.ActiveCfg = Release|Any CPU
		{5CC0B5BF-10B5-42C7-BE0B-B8E41128A4AC}.Release|x86.Build.0 = Release|Any CPU
		{0177B1F3-85F6-445D-BAE3-39CB9C52BAB0}.Debug|Any CPU.ActiveCfg = Debug|Any CPU
		{0177B1F3-85F6-445D-BAE3-39CB9C52BAB0}.Debug|Any CPU.Build.0 = Debug|Any CPU
		{0177B1F3-85F6-445D-BAE3-39CB9C52BAB0}.Debug|x64.ActiveCfg = Debug|Any CPU
		{0177B1F3-85F6-445D-BAE3-39CB9C52BAB0}.Debug|x64.Build.0 = Debug|Any CPU
		{0177B1F3-85F6-445D-BAE3-39CB9C52BAB0}.Debug|x86.ActiveCfg = Debug|Any CPU
		{0177B1F3-85F6-445D-BAE3-39CB9C52BAB0}.Debug|x86.Build.0 = Debug|Any CPU
		{0177B1F3-85F6-445D-BAE3-39CB9C52BAB0}.Release|Any CPU.ActiveCfg = Release|Any CPU
		{0177B1F3-85F6-445D-BAE3-39CB9C52BAB0}.Release|Any CPU.Build.0 = Release|Any CPU
		{0177B1F3-85F6-445D-BAE3-39CB9C52BAB0}.Release|x64.ActiveCfg = Release|Any CPU
		{0177B1F3-85F6-445D-BAE3-39CB9C52BAB0}.Release|x64.Build.0 = Release|Any CPU
		{0177B1F3-85F6-445D-BAE3-39CB9C52BAB0}.Release|x86.ActiveCfg = Release|Any CPU
		{0177B1F3-85F6-445D-BAE3-39CB9C52BAB0}.Release|x86.Build.0 = Release|Any CPU
		{FE69363D-A836-42EA-9265-5615570E3B74}.Debug|Any CPU.ActiveCfg = Debug|Any CPU
		{FE69363D-A836-42EA-9265-5615570E3B74}.Debug|Any CPU.Build.0 = Debug|Any CPU
		{FE69363D-A836-42EA-9265-5615570E3B74}.Debug|x64.ActiveCfg = Debug|Any CPU
		{FE69363D-A836-42EA-9265-5615570E3B74}.Debug|x64.Build.0 = Debug|Any CPU
		{FE69363D-A836-42EA-9265-5615570E3B74}.Debug|x86.ActiveCfg = Debug|Any CPU
		{FE69363D-A836-42EA-9265-5615570E3B74}.Debug|x86.Build.0 = Debug|Any CPU
		{FE69363D-A836-42EA-9265-5615570E3B74}.Release|Any CPU.ActiveCfg = Release|Any CPU
		{FE69363D-A836-42EA-9265-5615570E3B74}.Release|Any CPU.Build.0 = Release|Any CPU
		{FE69363D-A836-42EA-9265-5615570E3B74}.Release|x64.ActiveCfg = Release|Any CPU
		{FE69363D-A836-42EA-9265-5615570E3B74}.Release|x64.Build.0 = Release|Any CPU
		{FE69363D-A836-42EA-9265-5615570E3B74}.Release|x86.ActiveCfg = Release|Any CPU
		{FE69363D-A836-42EA-9265-5615570E3B74}.Release|x86.Build.0 = Release|Any CPU
		{1B680E09-3034-444B-9275-B855B4C5CCB2}.Debug|Any CPU.ActiveCfg = Debug|Any CPU
		{1B680E09-3034-444B-9275-B855B4C5CCB2}.Debug|Any CPU.Build.0 = Debug|Any CPU
		{1B680E09-3034-444B-9275-B855B4C5CCB2}.Debug|x64.ActiveCfg = Debug|Any CPU
		{1B680E09-3034-444B-9275-B855B4C5CCB2}.Debug|x64.Build.0 = Debug|Any CPU
		{1B680E09-3034-444B-9275-B855B4C5CCB2}.Debug|x86.ActiveCfg = Debug|Any CPU
		{1B680E09-3034-444B-9275-B855B4C5CCB2}.Debug|x86.Build.0 = Debug|Any CPU
		{1B680E09-3034-444B-9275-B855B4C5CCB2}.Release|Any CPU.ActiveCfg = Release|Any CPU
		{1B680E09-3034-444B-9275-B855B4C5CCB2}.Release|Any CPU.Build.0 = Release|Any CPU
		{1B680E09-3034-444B-9275-B855B4C5CCB2}.Release|x64.ActiveCfg = Release|Any CPU
		{1B680E09-3034-444B-9275-B855B4C5CCB2}.Release|x64.Build.0 = Release|Any CPU
		{1B680E09-3034-444B-9275-B855B4C5CCB2}.Release|x86.ActiveCfg = Release|Any CPU
		{1B680E09-3034-444B-9275-B855B4C5CCB2}.Release|x86.Build.0 = Release|Any CPU
	EndGlobalSection
	GlobalSection(SolutionProperties) = preSolution
		HideSolutionNode = FALSE
	EndGlobalSection
	GlobalSection(NestedProjects) = preSolution
		{7B5D5B1D-1CE7-4C64-9680-E0BC7C6CD6B3} = {0AB3BF05-4346-4AA6-1389-037BE0695223}
	EndGlobalSection
	GlobalSection(ExtensibilityGlobals) = postSolution
		SolutionGuid = {12D9D71C-6113-4827-A18D-0D7A0DC61CEF}
	EndGlobalSection
EndGlobal
